
Microsoft Visual Studio Solution File, Format Version 12.00
# Visual Studio Version 16
VisualStudioVersion = 16.0.32802.440
MinimumVisualStudioVersion = 10.0.40219.1
Project("{FAE04EC0-301F-11D3-BF4B-00C04F79EFBC}") = "eProject1", "eProject1.csproj", "{7A62BF29-FF96-49F4-90F2-D641B6AD4C90}"
EndProject
Global
	GlobalSection(SolutionConfigurationPlatforms) = preSolution
		Debug|Any CPU = Debug|Any CPU
		Release|Any CPU = Release|Any CPU
	EndGlobalSection
	GlobalSection(ProjectConfigurationPlatforms) = postSolution
		{7A62BF29-FF96-49F4-90F2-D641B6AD4C90}.Debug|Any CPU.ActiveCfg = Debug|Any CPU
		{7A62BF29-FF96-49F4-90F2-D641B6AD4C90}.Debug|Any CPU.Build.0 = Debug|Any CPU
		{7A62BF29-FF96-49F4-90F2-D641B6AD4C90}.Release|Any CPU.ActiveCfg = Release|Any CPU
		{7A62BF29-FF96-49F4-90F2-D641B6AD4C90}.Release|Any CPU.Build.0 = Release|Any CPU
	EndGlobalSection
	GlobalSection(SolutionProperties) = preSolution
		HideSolutionNode = FALSE
	EndGlobalSection
	GlobalSection(ExtensibilityGlobals) = postSolution
		SolutionGuid = {ACCED516-23AB-4ECD-901A-D4295673BA1E}
	EndGlobalSection
EndGlobal
